
Microsoft Visual Studio Solution File, Format Version 12.00
# Visual Studio Version 17
VisualStudioVersion = 17.7.34018.315
MinimumVisualStudioVersion = 10.0.40219.1
Project("{9A19103F-16F7-4668-BE54-9A1E7A4F7556}") = "Aweh_Productions 2.1A", "Aweh_Productions 2.1\Aweh_Productions 2.1A.csproj", "{276E53BE-27F4-4C3D-9488-19B5C610CEBA}"
EndProject
Global
	GlobalSection(SolutionConfigurationPlatforms) = preSolution
		Debug|Any CPU = Debug|Any CPU
		Release|Any CPU = Release|Any CPU
	EndGlobalSection
	GlobalSection(ProjectConfigurationPlatforms) = postSolution
		{276E53BE-27F4-4C3D-9488-19B5C610CEBA}.Debug|Any CPU.ActiveCfg = Debug|Any CPU
		{276E53BE-27F4-4C3D-9488-19B5C610CEBA}.Debug|Any CPU.Build.0 = Debug|Any CPU
		{276E53BE-27F4-4C3D-9488-19B5C610CEBA}.Release|Any CPU.ActiveCfg = Release|Any CPU
		{276E53BE-27F4-4C3D-9488-19B5C610CEBA}.Release|Any CPU.Build.0 = Release|Any CPU
	EndGlobalSection
	GlobalSection(SolutionProperties) = preSolution
		HideSolutionNode = FALSE
	EndGlobalSection
	GlobalSection(ExtensibilityGlobals) = postSolution
		SolutionGuid = {B3425334-5DA7-452C-AB55-50039644554E}
	EndGlobalSection
EndGlobal
